
Microsoft Visual Studio Solution File, Format Version 12.00
# Visual Studio Version 17
VisualStudioVersion = 17.9.34723.18
MinimumVisualStudioVersion = 10.0.40219.1
Project("{9A19103F-16F7-4668-BE54-9A1E7A4F7556}") = "StackTest", "StackTest\StackTest.csproj", "{ACB805C0-BA14-4F4D-9812-3E1055B6410F}"
EndProject
Global
	GlobalSection(SolutionConfigurationPlatforms) = preSolution
		Debug|Any CPU = Debug|Any CPU
		Release|Any CPU = Release|Any CPU
	EndGlobalSection
	GlobalSection(ProjectConfigurationPlatforms) = postSolution
		{ACB805C0-BA14-4F4D-9812-3E1055B6410F}.Debug|Any CPU.ActiveCfg = Debug|Any CPU
		{ACB805C0-BA14-4F4D-9812-3E1055B6410F}.Debug|Any CPU.Build.0 = Debug|Any CPU
		{ACB805C0-BA14-4F4D-9812-3E1055B6410F}.Release|Any CPU.ActiveCfg = Release|Any CPU
		{ACB805C0-BA14-4F4D-9812-3E1055B6410F}.Release|Any CPU.Build.0 = Release|Any CPU
	EndGlobalSection
	GlobalSection(SolutionProperties) = preSolution
		HideSolutionNode = FALSE
	EndGlobalSection
	GlobalSection(ExtensibilityGlobals) = postSolution
		SolutionGuid = {E2BB0C99-83B9-40C2-86C8-9230C13835AD}
	EndGlobalSection
EndGlobal
